
Microsoft Visual Studio Solution File, Format Version 12.00
# Visual Studio 15
VisualStudioVersion = 15.0.27428.2005
MinimumVisualStudioVersion = 10.0.40219.1
Project("{FAE04EC0-301F-11D3-BF4B-00C04F79EFBC}") = "462graph", "462graph\462graph.csproj", "{5423535F-CA74-43ED-9A9E-88CD29078487}"
EndProject
Global
	GlobalSection(SolutionConfigurationPlatforms) = preSolution
		Debug|Any CPU = Debug|Any CPU
		Release|Any CPU = Release|Any CPU
	EndGlobalSection
	GlobalSection(ProjectConfigurationPlatforms) = postSolution
		{5423535F-CA74-43ED-9A9E-88CD29078487}.Debug|Any CPU.ActiveCfg = Debug|Any CPU
		{5423535F-CA74-43ED-9A9E-88CD29078487}.Debug|Any CPU.Build.0 = Debug|Any CPU
		{5423535F-CA74-43ED-9A9E-88CD29078487}.Release|Any CPU.ActiveCfg = Release|Any CPU
		{5423535F-CA74-43ED-9A9E-88CD29078487}.Release|Any CPU.Build.0 = Release|Any CPU
	EndGlobalSection
	GlobalSection(SolutionProperties) = preSolution
		HideSolutionNode = FALSE
	EndGlobalSection
	GlobalSection(ExtensibilityGlobals) = postSolution
		SolutionGuid = {E9E6FCDB-6623-4AD9-821E-0840ED33E8DC}
	EndGlobalSection
EndGlobal
